
Microsoft Visual Studio Solution File, Format Version 12.00
# Visual Studio 15
VisualStudioVersion = 15.0.28307.705
MinimumVisualStudioVersion = 10.0.40219.1
Project("{FAE04EC0-301F-11D3-BF4B-00C04F79EFBC}") = "ejemplo1POO", "ejemplo1POO\ejemplo1POO.csproj", "{1FE092DB-6D80-4A84-B85F-9BB760B6CEA8}"
EndProject
Global
	GlobalSection(SolutionConfigurationPlatforms) = preSolution
		Debug|Any CPU = Debug|Any CPU
		Release|Any CPU = Release|Any CPU
	EndGlobalSection
	GlobalSection(ProjectConfigurationPlatforms) = postSolution
		{1FE092DB-6D80-4A84-B85F-9BB760B6CEA8}.Debug|Any CPU.ActiveCfg = Debug|Any CPU
		{1FE092DB-6D80-4A84-B85F-9BB760B6CEA8}.Debug|Any CPU.Build.0 = Debug|Any CPU
		{1FE092DB-6D80-4A84-B85F-9BB760B6CEA8}.Release|Any CPU.ActiveCfg = Release|Any CPU
		{1FE092DB-6D80-4A84-B85F-9BB760B6CEA8}.Release|Any CPU.Build.0 = Release|Any CPU
	EndGlobalSection
	GlobalSection(SolutionProperties) = preSolution
		HideSolutionNode = FALSE
	EndGlobalSection
	GlobalSection(ExtensibilityGlobals) = postSolution
		SolutionGuid = {C069477C-6CEF-4B6D-BA90-7A65A8757D62}
	EndGlobalSection
EndGlobal
